
Microsoft Visual Studio Solution File, Format Version 12.00
# Visual Studio Version 16
VisualStudioVersion = 16.0.29609.76
MinimumVisualStudioVersion = 10.0.40219.1
Project("{8BC9CEB8-8B4A-11D0-8D11-00A0C91BC942}") = "iFlyWebUi4", "iFlyWebUi4.vcxproj", "{0020EE24-346B-48FD-9FFD-5FDB1543815A}"
EndProject
Project("{2150E333-8FDC-42A3-9474-1A3956D46DE8}") = "Solution Items", "Solution Items", "{236F55FB-D888-4A6F-8935-BDC1DDD3BEBF}"
EndProject
Global
	GlobalSection(SolutionConfigurationPlatforms) = preSolution
		Debug|x64 = Debug|x64
		Debug|x86 = Debug|x86
		Release|x64 = Release|x64
		Release|x86 = Release|x86
	EndGlobalSection
	GlobalSection(ProjectConfigurationPlatforms) = postSolution
		{0020EE24-346B-48FD-9FFD-5FDB1543815A}.Debug|x64.ActiveCfg = Debug|x64
		{0020EE24-346B-48FD-9FFD-5FDB1543815A}.Debug|x64.Build.0 = Debug|x64
		{0020EE24-346B-48FD-9FFD-5FDB1543815A}.Debug|x86.ActiveCfg = Debug|Win32
		{0020EE24-346B-48FD-9FFD-5FDB1543815A}.Debug|x86.Build.0 = Debug|Win32
		{0020EE24-346B-48FD-9FFD-5FDB1543815A}.Release|x64.ActiveCfg = Release|x64
		{0020EE24-346B-48FD-9FFD-5FDB1543815A}.Release|x64.Build.0 = Release|x64
		{0020EE24-346B-48FD-9FFD-5FDB1543815A}.Release|x86.ActiveCfg = Release|Win32
		{0020EE24-346B-48FD-9FFD-5FDB1543815A}.Release|x86.Build.0 = Release|Win32
	EndGlobalSection
	GlobalSection(SolutionProperties) = preSolution
		HideSolutionNode = FALSE
	EndGlobalSection
	GlobalSection(ExtensibilityGlobals) = postSolution
		SolutionGuid = {55B70AC5-5150-4C4C-9CF6-DA30188E2B41}
	EndGlobalSection
EndGlobal
